
Microsoft Visual Studio Solution File, Format Version 12.00
# Visual Studio Version 16
VisualStudioVersion = 16.0.30503.244
MinimumVisualStudioVersion = 10.0.40219.1
Project("{FAE04EC0-301F-11D3-BF4B-00C04F79EFBC}") = "Ejercicio1", "Ejercicio1\Ejercicio1.csproj", "{EC6AEDDA-AC04-4BB4-953F-858B650CB1EB}"
EndProject
Project("{FAE04EC0-301F-11D3-BF4B-00C04F79EFBC}") = "Ejercicio2", "Ejercicio2\Ejercicio2.csproj", "{1B9041B5-5FF1-4691-9BAF-540DB7893E98}"
EndProject
Project("{FAE04EC0-301F-11D3-BF4B-00C04F79EFBC}") = "Ejercicio3", "Ejercicio3\Ejercicio3.csproj", "{3687D4B6-1BEE-4C38-BD7F-40CBB97FAC47}"
EndProject
Project("{FAE04EC0-301F-11D3-BF4B-00C04F79EFBC}") = "Ejercicio4", "Ejercicio4\Ejercicio4.csproj", "{06FF9CD1-8E8D-42D3-AB62-8F086DA325CF}"
EndProject
Global
	GlobalSection(SolutionConfigurationPlatforms) = preSolution
		Debug|Any CPU = Debug|Any CPU
		Release|Any CPU = Release|Any CPU
	EndGlobalSection
	GlobalSection(ProjectConfigurationPlatforms) = postSolution
		{EC6AEDDA-AC04-4BB4-953F-858B650CB1EB}.Debug|Any CPU.ActiveCfg = Debug|Any CPU
		{EC6AEDDA-AC04-4BB4-953F-858B650CB1EB}.Debug|Any CPU.Build.0 = Debug|Any CPU
		{EC6AEDDA-AC04-4BB4-953F-858B650CB1EB}.Release|Any CPU.ActiveCfg = Release|Any CPU
		{EC6AEDDA-AC04-4BB4-953F-858B650CB1EB}.Release|Any CPU.Build.0 = Release|Any CPU
		{1B9041B5-5FF1-4691-9BAF-540DB7893E98}.Debug|Any CPU.ActiveCfg = Debug|Any CPU
		{1B9041B5-5FF1-4691-9BAF-540DB7893E98}.Debug|Any CPU.Build.0 = Debug|Any CPU
		{1B9041B5-5FF1-4691-9BAF-540DB7893E98}.Release|Any CPU.ActiveCfg = Release|Any CPU
		{1B9041B5-5FF1-4691-9BAF-540DB7893E98}.Release|Any CPU.Build.0 = Release|Any CPU
		{3687D4B6-1BEE-4C38-BD7F-40CBB97FAC47}.Debug|Any CPU.ActiveCfg = Debug|Any CPU
		{3687D4B6-1BEE-4C38-BD7F-40CBB97FAC47}.Debug|Any CPU.Build.0 = Debug|Any CPU
		{3687D4B6-1BEE-4C38-BD7F-40CBB97FAC47}.Release|Any CPU.ActiveCfg = Release|Any CPU
		{3687D4B6-1BEE-4C38-BD7F-40CBB97FAC47}.Release|Any CPU.Build.0 = Release|Any CPU
		{06FF9CD1-8E8D-42D3-AB62-8F086DA325CF}.Debug|Any CPU.ActiveCfg = Debug|Any CPU
		{06FF9CD1-8E8D-42D3-AB62-8F086DA325CF}.Debug|Any CPU.Build.0 = Debug|Any CPU
		{06FF9CD1-8E8D-42D3-AB62-8F086DA325CF}.Release|Any CPU.ActiveCfg = Release|Any CPU
		{06FF9CD1-8E8D-42D3-AB62-8F086DA325CF}.Release|Any CPU.Build.0 = Release|Any CPU
	EndGlobalSection
	GlobalSection(SolutionProperties) = preSolution
		HideSolutionNode = FALSE
	EndGlobalSection
	GlobalSection(ExtensibilityGlobals) = postSolution
		SolutionGuid = {E2B75E29-3597-49F1-A81A-2CEB4E6CC14C}
	EndGlobalSection
EndGlobal
